
Microsoft Visual Studio Solution File, Format Version 12.00
# Visual Studio Version 16
VisualStudioVersion = 16.0.29025.244
MinimumVisualStudioVersion = 10.0.40219.1
Project("{FAE04EC0-301F-11D3-BF4B-00C04F79EFBC}") = "azuredevopswebapp", "azuredevopswebapp\azuredevopswebapp.csproj", "{4C5492F1-A760-4CE6-A281-1C681F4CE78E}"
EndProject
Global
	GlobalSection(SolutionConfigurationPlatforms) = preSolution
		Debug|Any CPU = Debug|Any CPU
		Release|Any CPU = Release|Any CPU
	EndGlobalSection
	GlobalSection(ProjectConfigurationPlatforms) = postSolution
		{4C5492F1-A760-4CE6-A281-1C681F4CE78E}.Debug|Any CPU.ActiveCfg = Debug|Any CPU
		{4C5492F1-A760-4CE6-A281-1C681F4CE78E}.Debug|Any CPU.Build.0 = Debug|Any CPU
		{4C5492F1-A760-4CE6-A281-1C681F4CE78E}.Release|Any CPU.ActiveCfg = Release|Any CPU
		{4C5492F1-A760-4CE6-A281-1C681F4CE78E}.Release|Any CPU.Build.0 = Release|Any CPU
	EndGlobalSection
	GlobalSection(SolutionProperties) = preSolution
		HideSolutionNode = FALSE
	EndGlobalSection
	GlobalSection(ExtensibilityGlobals) = postSolution
		SolutionGuid = {15498232-ED8B-4630-B450-D4BB41EE7CDA}
	EndGlobalSection
EndGlobal
